// !$*UTF8*$!
{
	archiveVersion = 1;
	classes = {
	};
	objectVersion = 50;
	objects = {

/* Begin PBXBuildFile section */
		34853E0A2257EFE200D12723 /* AppDelegate.swift in Sources */ = {isa = PBXBuildFile; fileRef = 34853E092257EFE200D12723 /* AppDelegate.swift */; };
		34853E0C2257EFE200D12723 /* ViewController.swift in Sources */ = {isa = PBXBuildFile; fileRef = 34853E0B2257EFE200D12723 /* ViewController.swift */; };
		34853E0F2257EFE200D12723 /* Main.storyboard in Resources */ = {isa = PBXBuildFile; fileRef = 34853E0D2257EFE200D12723 /* Main.storyboard */; };
		34853E112257EFE500D12723 /* Assets.xcassets in Resources */ = {isa = PBXBuildFile; fileRef = 34853E102257EFE500D12723 /* Assets.xcassets */; };
		34853E142257EFE500D12723 /* LaunchScreen.storyboard in Resources */ = {isa = PBXBuildFile; fileRef = 34853E122257EFE500D12723 /* LaunchScreen.storyboard */; };
		34853E1C2258029900D12723 /* MathOperation.swift in Sources */ = {isa = PBXBuildFile; fileRef = 34853E1B2258029900D12723 /* MathOperation.swift */; };
		34853E1E2258051600D12723 /* Operation.swift in Sources */ = {isa = PBXBuildFile; fileRef = 34853E1D2258051600D12723 /* Operation.swift */; };
/* End PBXBuildFile section */

/* Begin PBXFileReference section */
		34853E062257EFE200D12723 /* UndoRedoCalculator.app */ = {isa = PBXFileReference; explicitFileType = wrapper.application; includeInIndex = 0; path = UndoRedoCalculator.app; sourceTree = BUILT_PRODUCTS_DIR; };
		34853E092257EFE200D12723 /* AppDelegate.swift */ = {isa = PBXFileReference; lastKnownFileType = sourcecode.swift; path = AppDelegate.swift; sourceTree = "<group>"; };
		34853E0B2257EFE200D12723 /* ViewController.swift */ = {isa = PBXFileReference; lastKnownFileType = sourcecode.swift; path = ViewController.swift; sourceTree = "<group>"; };
		34853E0E2257EFE200D12723 /* Base */ = {isa = PBXFileReference; lastKnownFileType = file.storyboard; name = Base; path = Base.lproj/Main.storyboard; sourceTree = "<group>"; };
		34853E102257EFE500D12723 /* Assets.xcassets */ = {isa = PBXFileReference; lastKnownFileType = folder.assetcatalog; path = Assets.xcassets; sourceTree = "<group>"; };
		34853E132257EFE500D12723 /* Base */ = {isa = PBXFileReference; lastKnownFileType = file.storyboard; name = Base; path = Base.lproj/LaunchScreen.storyboard; sourceTree = "<group>"; };
		34853E152257EFE500D12723 /* Info.plist */ = {isa = PBXFileReference; lastKnownFileType = text.plist.xml; path = Info.plist; sourceTree = "<group>"; };
		34853E1B2258029900D12723 /* MathOperation.swift */ = {isa = PBXFileReference; lastKnownFileType = sourcecode.swift; path = MathOperation.swift; sourceTree = "<group>"; };
		34853E1D2258051600D12723 /* Operation.swift */ = {isa = PBXFileReference; lastKnownFileType = sourcecode.swift; path = Operation.swift; sourceTree = "<group>"; };
/* End PBXFileReference section */

/* Begin PBXFrameworksBuildPhase section */
		34853E032257EFE200D12723 /* Frameworks */ = {
			isa = PBXFrameworksBuildPhase;
			buildActionMask = 2147483647;
			files = (
			);
			runOnlyForDeploymentPostprocessing = 0;
		};
/* End PBXFrameworksBuildPhase section */

/* Begin PBXGroup section */
		34853DFD2257EFE200D12723 = {
			isa = PBXGroup;
			children = (
				34853E082257EFE200D12723 /* UndoRedoCalculator */,
				34853E072257EFE200D12723 /* Products */,
			);
			sourceTree = "<group>";
		};
		34853E072257EFE200D12723 /* Products */ = {
			isa = PBXGroup;
			children = (
				34853E062257EFE200D12723 /* UndoRedoCalculator.app */,
			);
			name = Products;
			sourceTree = "<group>";
		};
		34853E082257EFE200D12723 /* UndoRedoCalculator */ = {
			isa = PBXGroup;
			children = (
				34853E092257EFE200D12723 /* AppDelegate.swift */,
				34853E0B2257EFE200D12723 /* ViewController.swift */,
				34853E1D2258051600D12723 /* Operation.swift */,
				34853E1B2258029900D12723 /* MathOperation.swift */,
				34853E0D2257EFE200D12723 /* Main.storyboard */,
				34853E102257EFE500D12723 /* Assets.xcassets */,
				34853E122257EFE500D12723 /* LaunchScreen.storyboard */,
				34853E152257EFE500D12723 /* Info.plist */,
			);
			path = UndoRedoCalculator;
			sourceTree = "<group>";
		};
/* End PBXGroup section */

/* Begin PBXNativeTarget section */
		34853E052257EFE200D12723 /* UndoRedoCalculator */ = {
			isa = PBXNativeTarget;
			buildConfigurationList = 34853E182257EFE500D12723 /* Build configuration list for PBXNativeTarget "UndoRedoCalculator" */;
			buildPhases = (
				34853E022257EFE200D12723 /* Sources */,
				34853E032257EFE200D12723 /* Frameworks */,
				34853E042257EFE200D12723 /* Resources */,
			);
			buildRules = (
			);
			dependencies = (
			);
			name = UndoRedoCalculator;
			productName = UndoRedoCalculator;
			productReference = 34853E062257EFE200D12723 /* UndoRedoCalculator.app */;
			productType = "com.apple.product-type.application";
		};
/* End PBXNativeTarget section */

/* Begin PBXProject section */
		34853DFE2257EFE200D12723 /* Project object */ = {
			isa = PBXProject;
			attributes = {
				LastSwiftUpdateCheck = 0940;
				LastUpgradeCheck = 0940;
				ORGANIZATIONNAME = "Muhammad Adam";
				TargetAttributes = {
					34853E052257EFE200D12723 = {
						CreatedOnToolsVersion = 9.4;
					};
				};
			};
			buildConfigurationList = 34853E012257EFE200D12723 /* Build configuration list for PBXProject "UndoRedoCalculator" */;
			compatibilityVersion = "Xcode 9.3";
			developmentRegion = en;
			hasScannedForEncodings = 0;
			knownRegions = (
				en,
				Base,
			);
			mainGroup = 34853DFD2257EFE200D12723;
			productRefGroup = 34853E072257EFE200D12723 /* Products */;
			projectDirPath = "";
			projectRoot = "";
			targets = (
				34853E052257EFE200D12723 /* UndoRedoCalculator */,
			);
		};
/* End PBXProject section */

/* Begin PBXResourcesBuildPhase section */
		34853E042257EFE200D12723 /* Resources */ = {
			isa = PBXResourcesBuildPhase;
			buildActionMask = 2147483647;
			files = (
				34853E142257EFE500D12723 /* LaunchScreen.storyboard in Resources */,
				34853E112257EFE500D12723 /* Assets.xcassets in Resources */,
				34853E0F2257EFE200D12723 /* Main.storyboard in Resources */,
			);
			runOnlyForDeploymentPostprocessing = 0;
		};
/* End PBXResourcesBuildPhase section */

/* Begin PBXSourcesBuildPhase section */
		34853E022257EFE200D12723 /* Sources */ = {
			isa = PBXSourcesBuildPhase;
			buildActionMask = 2147483647;
			files = (
				34853E0C2257EFE200D12723 /* ViewController.swift in Sources */,
				34853E0A2257EFE200D12723 /* AppDelegate.swift in Sources */,
				34853E1C2258029900D12723 /* MathOperation.swift in Sources */,
				34853E1E2258051600D12723 /* Operation.swift in Sources */,
			);
			runOnlyForDeploymentPostprocessing = 0;
		};
/* End PBXSourcesBuildPhase section */

/* Begin PBXVariantGroup section */
		34853E0D2257EFE200D12723 /* Main.storyboard */ = {
			isa = PBXVariantGroup;
			children = (
				34853E0E2257EFE200D12723 /* Base */,
			);
			name = Main.storyboard;
			sourceTree = "<group>";
		};
		34853E122257EFE500D12723 /* LaunchScreen.storyboard */ = {
			isa = PBXVariantGroup;
			children = (
				34853E132257EFE500D12723 /* Base */,
			);
			name = LaunchScreen.storyboard;
			sourceTree = "<group>";
		};
/* End PBXVariantGroup section */

/* Begin XCBuildConfiguration section */
		34853E162257EFE500D12723 /* Debug */ = {
			isa = XCBuildConfiguration;
			buildSettings = {
				ALWAYS_SEARCH_USER_PATHS = NO;
				CLANG_ANALYZER_NONNULL = YES;
				CLANG_ANALYZER_NUMBER_OBJECT_CONVERSION = YES_AGGRESSIVE;
				CLANG_CXX_LANGUAGE_STANDARD = "gnu++14";
				CLANG_CXX_LIBRARY = "libc++";
				CLANG_ENABLE_MODULES = YES;
				CLANG_ENABLE_OBJC_ARC = YES;
				CLANG_ENABLE_OBJC_WEAK = YES;
				CLANG_WARN_BLOCK_CAPTURE_AUTORELEASING = YES;
				CLANG_WARN_BOOL_CONVERSION = YES;
				CLANG_WARN_COMMA = YES;
				CLANG_WARN_CONSTANT_CONVERSION = YES;
				CLANG_WARN_DEPRECATED_OBJC_IMPLEMENTATIONS = YES;
				CLANG_WARN_DIRECT_OBJC_ISA_USAGE = YES_ERROR;
				CLANG_WARN_DOCUMENTATION_COMMENTS = YES;
				CLANG_WARN_EMPTY_BODY = YES;
				CLANG_WARN_ENUM_CONVERSION = YES;
				CLANG_WARN_INFINITE_RECURSION = YES;
				CLANG_WARN_INT_CONVERSION = YES;
				CLANG_WARN_NON_LITERAL_NULL_CONVERSION = YES;
				CLANG_WARN_OBJC_IMPLICIT_RETAIN_SELF = YES;
				CLANG_WARN_OBJC_LITERAL_CONVERSION = YES;
				CLANG_WARN_OBJC_ROOT_CLASS = YES_ERROR;
				CLANG_WARN_RANGE_LOOP_ANALYSIS = YES;
				CLANG_WARN_STRICT_PROTOTYPES = YES;
				CLANG_WARN_SUSPICIOUS_MOVE = YES;
				CLANG_WARN_UNGUARDED_AVAILABILITY = YES_AGGRESSIVE;
				CLANG_WARN_UNREACHABLE_CODE = YES;
				CLANG_WARN__DUPLICATE_METHOD_MATCH = YES;
				CODE_SIGN_IDENTITY = "iPhone Developer";
				COPY_PHASE_STRIP = NO;
				DEBUG_INFORMATION_FORMAT = dwarf;
				ENABLE_STRICT_OBJC_MSGSEND = YES;
				ENABLE_TESTABILITY = YES;
				GCC_C_LANGUAGE_STANDARD = gnu11;
				GCC_DYNAMIC_NO_PIC = NO;
				GCC_NO_COMMON_BLOCKS = YES;
				GCC_OPTIMIZATION_LEVEL = 0;
				GCC_PREPROCESSOR_DEFINITIONS = (
					"DEBUG=1",
					"$(inherited)",
				);
				GCC_WARN_64_TO_32_BIT_CONVERSION = YES;
				GCC_WARN_ABOUT_RETURN_TYPE = YES_ERROR;
				GCC_WARN_UNDECLARED_SELECTOR = YES;
				GCC_WARN_UNINITIALIZED_AUTOS = YES_AGGRESSIVE;
				GCC_WARN_UNUSED_FUNCTION = YES;
				GCC_WARN_UNUSED_VARIABLE = YES;
				IPHONEOS_DEPLOYMENT_TARGET = 11.4;
				MTL_ENABLE_DEBUG_INFO = YES;
				ONLY_ACTIVE_ARCH = YES;
				SDKROOT = iphoneos;
				SWIFT_ACTIVE_COMPILATION_CONDITIONS = DEBUG;
				SWIFT_OPTIMIZATION_LEVEL = "-Onone";
			};
			name = Debug;
		};
		34853E172257EFE500D12723 /* Release */ = {
			isa = XCBuildConfiguration;
			buildSettings = {
				ALWAYS_SEARCH_USER_PATHS = NO;
				CLANG_ANALYZER_NONNULL = YES;
				CLANG_ANALYZER_NUMBER_OBJECT_CONVERSION = YES_AGGRESSIVE;
				CLANG_CXX_LANGUAGE_STANDARD = "gnu++14";
				CLANG_CXX_LIBRARY = "libc++";
				CLANG_ENABLE_MODULES = YES;
				CLANG_ENABLE_OBJC_ARC = YES;
				CLANG_ENABLE_OBJC_WEAK = YES;
				CLANG_WARN_BLOCK_CAPTURE_AUTORELEASING = YES;
				CLANG_WARN_BOOL_CONVERSION = YES;
				CLANG_WARN_COMMA = YES;
				CLANG_WARN_CONSTANT_CONVERSION = YES;
				CLANG_WARN_DEPRECATED_OBJC_IMPLEMENTATIONS = YES;
				CLANG_WARN_DIRECT_OBJC_ISA_USAGE = YES_ERROR;
				CLANG_WARN_DOCUMENTATION_COMMENTS = YES;
				CLANG_WARN_EMPTY_BODY = YES;
				CLANG_WARN_ENUM_CONVERSION = YES;
				CLANG_WARN_INFINITE_RECURSION = YES;
				CLANG_WARN_INT_CONVERSION = YES;
				CLANG_WARN_NON_LITERAL_NULL_CONVERSION = YES;
				CLANG_WARN_OBJC_IMPLICIT_RETAIN_SELF = YES;
				CLANG_WARN_OBJC_LITERAL_CONVERSION = YES;
				CLANG_WARN_OBJC_ROOT_CLASS = YES_ERROR;
				CLANG_WARN_RANGE_LOOP_ANALYSIS = YES;
				CLANG_WARN_STRICT_PROTOTYPES = YES;
				CLANG_WARN_SUSPICIOUS_MOVE = YES;
				CLANG_WARN_UNGUARDED_AVAILABILITY = YES_AGGRESSIVE;
				CLANG_WARN_UNREACHABLE_CODE = YES;
				CLANG_WARN__DUPLICATE_METHOD_MATCH = YES;
				CODE_SIGN_IDENTITY = "iPhone Developer";
				COPY_PHASE_STRIP = NO;
				DEBUG_INFORMATION_FORMAT = "dwarf-with-dsym";
				ENABLE_NS_ASSERTIONS = NO;
				ENABLE_STRICT_OBJC_MSGSEND = YES;
				GCC_C_LANGUAGE_STANDARD = gnu11;
				GCC_NO_COMMON_BLOCKS = YES;
				GCC_WARN_64_TO_32_BIT_CONVERSION = YES;
				GCC_WARN_ABOUT_RETURN_TYPE = YES_ERROR;
				GCC_WARN_UNDECLARED_SELECTOR = YES;
				GCC_WARN_UNINITIALIZED_AUTOS = YES_AGGRESSIVE;
				GCC_WARN_UNUSED_FUNCTION = YES;
				GCC_WARN_UNUSED_VARIABLE = YES;
				IPHONEOS_DEPLOYMENT_TARGET = 11.4;
				MTL_ENABLE_DEBUG_INFO = NO;
				SDKROOT = iphoneos;
				SWIFT_COMPILATION_MODE = wholemodule;
				SWIFT_OPTIMIZATION_LEVEL = "-O";
				VALIDATE_PRODUCT = YES;
			};
			name = Release;
		};
		34853E192257EFE500D12723 /* Debug */ = {
			isa = XCBuildConfiguration;
			buildSettings = {
				ASSETCATALOG_COMPILER_APPICON_NAME = AppIcon;
				CODE_SIGN_STYLE = Automatic;
				INFOPLIST_FILE = UndoRedoCalculator/Info.plist;
				LD_RUNPATH_SEARCH_PATHS = (
					"$(inherited)",
					"@executable_path/Frameworks",
				);
				PRODUCT_BUNDLE_IDENTIFIER = MA.UndoRedoCalculator;
				PRODUCT_NAME = "$(TARGET_NAME)";
				SWIFT_VERSION = 4.0;
				TARGETED_DEVICE_FAMILY = "1,2";
			};
			name = Debug;
		};
		34853E1A2257EFE500D12723 /* Release */ = {
			isa = XCBuildConfiguration;
			buildSettings = {
				ASSETCATALOG_COMPILER_APPICON_NAME = AppIcon;
				CODE_SIGN_STYLE = Automatic;
				INFOPLIST_FILE = UndoRedoCalculator/Info.plist;
				LD_RUNPATH_SEARCH_PATHS = (
					"$(inherited)",
					"@executable_path/Frameworks",
				);
				PRODUCT_BUNDLE_IDENTIFIER = MA.UndoRedoCalculator;
				PRODUCT_NAME = "$(TARGET_NAME)";
				SWIFT_VERSION = 4.0;
				TARGETED_DEVICE_FAMILY = "1,2";
			};
			name = Release;
		};
/* End XCBuildConfiguration section */

/* Begin XCConfigurationList section */
		34853E012257EFE200D12723 /* Build configuration list for PBXProject "UndoRedoCalculator" */ = {
			isa = XCConfigurationList;
			buildConfigurations = (
				34853E162257EFE500D12723 /* Debug */,
				34853E172257EFE500D12723 /* Release */,
			);
			defaultConfigurationIsVisible = 0;
			defaultConfigurationName = Release;
		};
		34853E182257EFE500D12723 /* Build configuration list for PBXNativeTarget "UndoRedoCalculator" */ = {
			isa = XCConfigurationList;
			buildConfigurations = (
				34853E192257EFE500D12723 /* Debug */,
				34853E1A2257EFE500D12723 /* Release */,
			);
			defaultConfigurationIsVisible = 0;
			defaultConfigurationName = Release;
		};
/* End XCConfigurationList section */
	};
	rootObject = 34853DFE2257EFE200D12723 /* Project object */;
}
